
Microsoft Visual Studio Solution File, Format Version 12.00
# Visual Studio Version 17
VisualStudioVersion = 17.7.34031.279
MinimumVisualStudioVersion = 10.0.40219.1
Project("{FAE04EC0-301F-11D3-BF4B-00C04F79EFBC}") = "Zon-Coffee", "Zon-Coffee\Zon-Coffee.csproj", "{631B5032-7BFC-4A89-A07C-F1D8DFED00B9}"
EndProject
Global
	GlobalSection(SolutionConfigurationPlatforms) = preSolution
		Debug|Any CPU = Debug|Any CPU
		Release|Any CPU = Release|Any CPU
	EndGlobalSection
	GlobalSection(ProjectConfigurationPlatforms) = postSolution
		{631B5032-7BFC-4A89-A07C-F1D8DFED00B9}.Debug|Any CPU.ActiveCfg = Debug|Any CPU
		{631B5032-7BFC-4A89-A07C-F1D8DFED00B9}.Debug|Any CPU.Build.0 = Debug|Any CPU
		{631B5032-7BFC-4A89-A07C-F1D8DFED00B9}.Release|Any CPU.ActiveCfg = Release|Any CPU
		{631B5032-7BFC-4A89-A07C-F1D8DFED00B9}.Release|Any CPU.Build.0 = Release|Any CPU
	EndGlobalSection
	GlobalSection(SolutionProperties) = preSolution
		HideSolutionNode = FALSE
	EndGlobalSection
	GlobalSection(ExtensibilityGlobals) = postSolution
		SolutionGuid = {21B939E9-6671-4291-9CAA-3F132067A25B}
	EndGlobalSection
EndGlobal
